
Microsoft Visual Studio Solution File, Format Version 12.00
# Visual Studio Version 17
VisualStudioVersion = 17.4.33103.184
MinimumVisualStudioVersion = 10.0.40219.1
Project("{9A19103F-16F7-4668-BE54-9A1E7A4F7556}") = "FightPigs", "FightPigs\FightPigs.csproj", "{10D86697-0EC6-49B7-A077-F5719C924642}"
EndProject
Project("{FAE04EC0-301F-11D3-BF4B-00C04F79EFBC}") = "PigsTest", "PigsTest\PigsTest.csproj", "{086BCEC3-836B-4A5B-84BD-9F3311AFB9D7}"
EndProject
Global
	GlobalSection(SolutionConfigurationPlatforms) = preSolution
		Debug|Any CPU = Debug|Any CPU
		Release|Any CPU = Release|Any CPU
	EndGlobalSection
	GlobalSection(ProjectConfigurationPlatforms) = postSolution
		{10D86697-0EC6-49B7-A077-F5719C924642}.Debug|Any CPU.ActiveCfg = Debug|Any CPU
		{10D86697-0EC6-49B7-A077-F5719C924642}.Debug|Any CPU.Build.0 = Debug|Any CPU
		{10D86697-0EC6-49B7-A077-F5719C924642}.Release|Any CPU.ActiveCfg = Release|Any CPU
		{10D86697-0EC6-49B7-A077-F5719C924642}.Release|Any CPU.Build.0 = Release|Any CPU
		{086BCEC3-836B-4A5B-84BD-9F3311AFB9D7}.Debug|Any CPU.ActiveCfg = Debug|Any CPU
		{086BCEC3-836B-4A5B-84BD-9F3311AFB9D7}.Debug|Any CPU.Build.0 = Debug|Any CPU
		{086BCEC3-836B-4A5B-84BD-9F3311AFB9D7}.Release|Any CPU.ActiveCfg = Release|Any CPU
		{086BCEC3-836B-4A5B-84BD-9F3311AFB9D7}.Release|Any CPU.Build.0 = Release|Any CPU
	EndGlobalSection
	GlobalSection(SolutionProperties) = preSolution
		HideSolutionNode = FALSE
	EndGlobalSection
	GlobalSection(ExtensibilityGlobals) = postSolution
		SolutionGuid = {81DA36B7-C555-4D66-BD37-4746F1151F7A}
	EndGlobalSection
EndGlobal
